# This file is automatically @generated by Cargo.
# It is not intended for manual editing.
version = 3

[[package]]
name = "aoc_2021"
version = "0.1.0"
dependencies = [
 "arraymap",
]

[[package]]
name = "arraymap"
version = "0.1.1"
source = "registry+https://github.com/rust-lang/crates.io-index"
checksum = "47a0618a0d3f3ea1dc31d76667b4f2c3a3b6f2b8183e103c8b4baaa59fefa416"
